hash: e27d4143cbb2c5acac7bdd7f02a2addf23ccecfe3d9d9b1f11a53d2633fa98bf
updated: 2018-07-06T09:20:03.347159+07:00
imports:
- name: github.com/aws/aws-sdk-go
  version: 554c8763b0d746658fe356cf368f5bee064aba09
  subpackages:
  - aws
- name: github.com/boj/redistore
  version: 4562487a4bee9a7c272b72bfaeda4917d0a47ab9
- name: github.com/certifi/gocertifi
  version: deb3ae2ef2610fde3330947281941c562861188b
- name: github.com/clbanning/mxj
  version: 1cda74d18ebbb04f525b355309c16d594e1f8f77
- name: github.com/dgrijalva/jwt-go
  version: dbeaa9332f19a944acb5736b4456cfcc02140e29
  subpackages:
  - request
- name: github.com/durango/go-credit-card
  version: 986a3cc0c28230050dfc9008be2b147ebdbd8459
- name: github.com/garyburd/redigo
  version: 3827f8a582e95ef536e5db70b362771259ba1a04
  subpackages:
  - internal
  - redis
- name: github.com/getsentry/raven-go
  version: 563b81fc02b75d664e54da31f787c2cc2186780b
- name: github.com/gin-contrib/cors
  version: cf4846e6a636a76237a28d9286f163c132e841bc
- name: github.com/gin-contrib/sentry
  version: d974092f2d1924bca20f1e85f1257c22b68b2bdf
- name: github.com/gin-contrib/sse
  version: 22d885f9ecc78bf4ee5d72b937e4bbcdc58e8cae
- name: github.com/gin-gonic/contrib
  version: dccbb4a462e965297e21372a9ad3ea05e0df3e5f
  subpackages:
  - gzip
  - sessions
- name: github.com/gin-gonic/gin
  version: d459835d2b077e44f7c9b453505ee29881d5d12d
  subpackages:
  - binding
  - render
- name: github.com/go-redis/redis
  version: 68362cfda1eeb3a69316e7bc00169a9a8de4823a
- name: github.com/go-sql-driver/mysql
  version: a0583e0143b1624142adab07e0e97fe106d99561
- name: github.com/golang/protobuf
  version: bbd03ef6da3a115852eaf24c8a1c46aeb39aa175
  subpackages:
  - proto
- name: github.com/google/uuid
  version: 064e2069ce9c359c118179501254f67d7d37ba24
- name: github.com/gorilla/context
  version: 08b5f424b9271eedf6f9f0ce86cb9396ed337a42
- name: github.com/gorilla/securecookie
  version: e59506cc896acb7f7bf732d4fdf5e25f7ccd8983
- name: github.com/gorilla/sessions
  version: 7087b4d669d1bc3da42fb4e2eda73ae139a24439
- name: github.com/jinzhu/gorm
  version: 6ed508ec6a4ecb3531899a69cbc746ccf65a4166
  subpackages:
  - dialects/mssql
  - dialects/mysql
- name: github.com/joho/godotenv
  version: a79fa1e548e2c689c241d10173efd51e5d689d5b
- name: github.com/mattn/go-isatty
  version: 6ca4dbf54d38eea1a992b3c722a76a5d1c4cb25c
- name: github.com/natefinch/lumberjack
  version: a96e63847dc3c67d17befa69c303767e2f84e54f
- name: github.com/pkg/errors
  version: 645ef00459ed84a119197bfb8d8205042c6df63d
- name: github.com/stretchr/testify
  version: 12b6f73e6084dad08a7c6e575284b177ecafbc71
  subpackages:
  - assert
- name: github.com/tdewolff/minify
  version: 8d72a4127ae33b755e95bffede9b92e396267ce2
- name: github.com/ugorji/go
  version: 16f09ef744fd4227190f626f14cfdefb14362b3b
  subpackages:
  - codec
- name: golang.org/x/crypto
  version: 8c653846df49742c4c85ec37e5d9f8d3ba657895
  subpackages:
  - bcrypt
  - pbkdf2
  - pkcs12
  - pkcs12/internal/rc2
- name: golang.org/x/sys
  version: f6cff0780e542efa0c8e864dc8fa522808f6a598
  subpackages:
  - unix
- name: gopkg.in/go-playground/validator.v8
  version: 5f1438d3fca68893a817e4a66806cea46a9e4ebf
- name: gopkg.in/yaml.v2
  version: 7f97868eec74b32b0982dd158a51a446d1da7eb5
testImports: []
